
Microsoft Visual Studio Solution File, Format Version 12.00
Project("{FAE04EC0-301F-11D3-BF4B-00C04F79EFBC}") = "CustomConsoleAppNew", "CustomConsoleAppNew\CustomConsoleAppNew.csproj", "{1E755931-1AD9-4FED-8E00-D0F84D595514}"
EndProject
Global
	GlobalSection(SolutionConfigurationPlatforms) = preSolution
		Debug|Any CPU = Debug|Any CPU
		Release|Any CPU = Release|Any CPU
	EndGlobalSection
	GlobalSection(ProjectConfigurationPlatforms) = postSolution
		{1E755931-1AD9-4FED-8E00-D0F84D595514}.Debug|Any CPU.ActiveCfg = Debug|Any CPU
		{1E755931-1AD9-4FED-8E00-D0F84D595514}.Debug|Any CPU.Build.0 = Debug|Any CPU
		{1E755931-1AD9-4FED-8E00-D0F84D595514}.Release|Any CPU.ActiveCfg = Release|Any CPU
		{1E755931-1AD9-4FED-8E00-D0F84D595514}.Release|Any CPU.Build.0 = Release|Any CPU
	EndGlobalSection
EndGlobal
